{
  "requires": true,
  "lockfileVersion": 1,
  "dependencies": {
    "blueimp-canvas-to-blob": {
      "version": "3.16.0",
      "resolved": "https://registry.npmjs.org/blueimp-canvas-to-blob/-/blueimp-canvas-to-blob-3.16.0.tgz",
      "integrity": "sha512-r5TRlxH5Y0iKrRajCfiW1K4o2U1JniarjLXuNJrC5nnlWV/UopieF8sysw9pAYBauxg2I3Ah1hUp3NEuinwmkA=="
    },
    "image-compressor.js": {
      "version": "1.1.4",
      "resolved": "https://registry.npmjs.org/image-compressor.js/-/image-compressor.js-1.1.4.tgz",
      "integrity": "sha512-DF1YFSw+m6FqpXsleD4+q9eu/wFFkm8sHuYhgYy5GWFVencXeuB1/UqC12xz+dCZooPetf5LIb8JOGkgEWmlcg==",
      "requires": {
        "blueimp-canvas-to-blob": "^3.14.0",
        "is-blob": "^1.0.0"
      }
    },
    "is-blob": {
      "version": "1.0.0",
      "resolved": "https://registry.npmjs.org/is-blob/-/is-blob-1.0.0.tgz",
      "integrity": "sha1-o9fZb+HD/wZex84nwsIea6ksGDI="
    }
  }
}
